
Microsoft Visual Studio Solution File, Format Version 12.00
# Visual Studio Version 17
VisualStudioVersion = 17.2.32516.85
MinimumVisualStudioVersion = 10.0.40219.1
Project("{FAE04EC0-301F-11D3-BF4B-00C04F79EFBC}") = "Calculadora por funcao", "Calculadora por funcao\Calculadora por funcao.csproj", "{E0DD0A8A-54B6-44D2-8411-E410F1D39BFE}"
EndProject
Global
	GlobalSection(SolutionConfigurationPlatforms) = preSolution
		Debug|Any CPU = Debug|Any CPU
		Release|Any CPU = Release|Any CPU
	EndGlobalSection
	GlobalSection(ProjectConfigurationPlatforms) = postSolution
		{E0DD0A8A-54B6-44D2-8411-E410F1D39BFE}.Debug|Any CPU.ActiveCfg = Debug|Any CPU
		{E0DD0A8A-54B6-44D2-8411-E410F1D39BFE}.Debug|Any CPU.Build.0 = Debug|Any CPU
		{E0DD0A8A-54B6-44D2-8411-E410F1D39BFE}.Release|Any CPU.ActiveCfg = Release|Any CPU
		{E0DD0A8A-54B6-44D2-8411-E410F1D39BFE}.Release|Any CPU.Build.0 = Release|Any CPU
	EndGlobalSection
	GlobalSection(SolutionProperties) = preSolution
		HideSolutionNode = FALSE
	EndGlobalSection
	GlobalSection(ExtensibilityGlobals) = postSolution
		SolutionGuid = {88E1B4F6-8E3D-43AF-9B8F-B863C6D669B1}
	EndGlobalSection
EndGlobal
